
Microsoft Visual Studio Solution File, Format Version 12.00
# Visual Studio Version 17
VisualStudioVersion = 17.7.34024.191
MinimumVisualStudioVersion = 10.0.40219.1
Project("{9A19103F-16F7-4668-BE54-9A1E7A4F7556}") = "YibTronBackend", "YibTronBackend\YibTronBackend.csproj", "{75270486-C518-4702-8BD2-A7D513D28D42}"
EndProject
Project("{9A19103F-16F7-4668-BE54-9A1E7A4F7556}") = "YibTronFrontend", "YibTronFrontend\YibTronFrontend.csproj", "{D2D0CC75-40F9-4CD2-887C-71BD2330C420}"
EndProject
Project("{2150E333-8FDC-42A3-9474-1A3956D46DE8}") = "Elementos de la solución", "Elementos de la solución", "{8B54CFDE-46DC-4CA0-B359-09F81BBB397A}"
	ProjectSection(SolutionItems) = preProject
		nuget.config = nuget.config
	EndProjectSection
EndProject
Global
	GlobalSection(SolutionConfigurationPlatforms) = preSolution
		Debug|Any CPU = Debug|Any CPU
		Release|Any CPU = Release|Any CPU
	EndGlobalSection
	GlobalSection(ProjectConfigurationPlatforms) = postSolution
		{75270486-C518-4702-8BD2-A7D513D28D42}.Debug|Any CPU.ActiveCfg = Debug|Any CPU
		{75270486-C518-4702-8BD2-A7D513D28D42}.Debug|Any CPU.Build.0 = Debug|Any CPU
		{75270486-C518-4702-8BD2-A7D513D28D42}.Release|Any CPU.ActiveCfg = Release|Any CPU
		{75270486-C518-4702-8BD2-A7D513D28D42}.Release|Any CPU.Build.0 = Release|Any CPU
		{D2D0CC75-40F9-4CD2-887C-71BD2330C420}.Debug|Any CPU.ActiveCfg = Debug|Any CPU
		{D2D0CC75-40F9-4CD2-887C-71BD2330C420}.Debug|Any CPU.Build.0 = Debug|Any CPU
		{D2D0CC75-40F9-4CD2-887C-71BD2330C420}.Release|Any CPU.ActiveCfg = Release|Any CPU
		{D2D0CC75-40F9-4CD2-887C-71BD2330C420}.Release|Any CPU.Build.0 = Release|Any CPU
	EndGlobalSection
	GlobalSection(SolutionProperties) = preSolution
		HideSolutionNode = FALSE
	EndGlobalSection
	GlobalSection(ExtensibilityGlobals) = postSolution
		SolutionGuid = {FFC12E9E-4BA1-47B4-964F-6C881E54F89C}
	EndGlobalSection
EndGlobal
